{
  "nodes": {
    "agenix": {
      "inputs": {
        "nixpkgs": [
          "nixpkgs"
        ]
      },
      "locked": {
        "lastModified": 1620877075,
        "narHash": "sha256-XvgTqtmQZHegu9UMDSR50gK5cHEM2gbnRH0qecmdN54=",
        "owner": "ryantm",
        "repo": "agenix",
        "rev": "e543aa7d68f222e1e771165da9e9a64b5bf7b3e3",
        "type": "github"
      },
      "original": {
        "owner": "ryantm",
        "repo": "agenix",
        "type": "github"
      }
    },
    "emacs-overlay": {
      "locked": {
        "lastModified": 1622490648,
        "narHash": "sha256-SOzqeZDEANEvnTm1d+CpSt+Bi2NEhuVdmO1M9BZn7oo=",
        "owner": "nix-community",
        "repo": "emacs-overlay",
        "rev": "ca18017fa61a4bb8069d1bba74c4198c3c21c6fc",
        "type": "github"
      },
      "original": {
        "owner": "nix-community",
        "repo": "emacs-overlay",
        "type": "github"
      }
    },
    "flake-utils": {
      "locked": {
        "lastModified": 1618217525,
        "narHash": "sha256-WGrhVczjXTiswQaoxQ+0PTfbLNeOQM6M36zvLn78AYg=",
        "owner": "numtide",
        "repo": "flake-utils",
        "rev": "c6169a2772643c4a93a0b5ac1c61e296cba68544",
        "type": "github"
      },
      "original": {
        "owner": "numtide",
        "repo": "flake-utils",
        "type": "github"
      }
    },
    "home-manager": {
      "inputs": {
        "nixpkgs": [
          "nixpkgs"
        ]
      },
      "locked": {
        "lastModified": 1622312560,
        "narHash": "sha256-xBWgiwnPaL/iZasPxw3BuvPAee/2jiToiZjKvKLs+PA=",
        "owner": "nix-community",
        "repo": "home-manager",
        "rev": "ab64dc32493996c24607eab2cae6663466ddfb8a",
        "type": "github"
      },
      "original": {
        "owner": "nix-community",
        "ref": "release-21.05",
        "repo": "home-manager",
        "type": "github"
      }
    },
    "nixos-hardware": {
      "locked": {
        "lastModified": 1622475342,
        "narHash": "sha256-c08illT/TUfI2oeLlN8YP4kcGtXLsJOcoq9CNzoRQhM=",
        "owner": "nixos",
        "repo": "nixos-hardware",
        "rev": "d38958a6aa5bdbf3239f26a04689f3d9ae7da0c0",
        "type": "github"
      },
      "original": {
        "owner": "nixos",
        "repo": "nixos-hardware",
        "type": "github"
      }
    },
    "nixpkgs": {
      "locked": {
        "lastModified": 1622410071,
        "narHash": "sha256-rxXzlRwbFu9qmmGzSwpJqN630fnwioilo8so0ymEZT0=",
        "owner": "nixos",
        "repo": "nixpkgs",
        "rev": "07ca3a021f05d6ff46bbd03c418b418abb781279",
        "type": "github"
      },
      "original": {
        "owner": "nixos",
        "ref": "nixos-21.05",
        "repo": "nixpkgs",
        "type": "github"
      }
    },
    "nixpkgs-unstable": {
      "locked": {
        "lastModified": 1622059058,
        "narHash": "sha256-t1/ZMtyxClVSfcV4Pt5C1YpkeJ/UwFF3oitLD7Ch/UA=",
        "owner": "nixos",
        "repo": "nixpkgs",
        "rev": "84aa23742f6c72501f9cc209f29c438766f5352d",
        "type": "github"
      },
      "original": {
        "owner": "nixos",
        "ref": "nixpkgs-unstable",
        "repo": "nixpkgs",
        "type": "github"
      }
    },
    "nixpkgs_2": {
      "locked": {
        "lastModified": 1607522989,
        "narHash": "sha256-o/jWhOSAlaK7y2M57OIriRt6whuVVocS/T0mG7fd1TI=",
        "owner": "NixOS",
        "repo": "nixpkgs",
        "rev": "e9158eca70ae59e73fae23be5d13d3fa0cfc78b4",
        "type": "github"
      },
      "original": {
        "id": "nixpkgs",
        "ref": "nixos-unstable",
        "type": "indirect"
      }
    },
    "perihelion": {
      "flake": false,
      "locked": {
        "lastModified": 1622557851,
        "narHash": "sha256-bZW3Yyu45nRnt0ruSgCIHAqFppZoA5d9OkdRKezCleM=",
        "ref": "canon",
        "rev": "9df2f0765b088fe4941dd792e22646e8302c4a33",
        "revCount": 24,
        "type": "git",
        "url": "https://git.knightsofthelambdacalcul.us/hazel/perihelion"
      },
      "original": {
        "ref": "canon",
        "type": "git",
        "url": "https://git.knightsofthelambdacalcul.us/hazel/perihelion"
      }
    },
    "root": {
      "inputs": {
        "agenix": "agenix",
        "emacs-overlay": "emacs-overlay",
        "home-manager": "home-manager",
        "nixos-hardware": "nixos-hardware",
        "nixpkgs": "nixpkgs",
        "nixpkgs-unstable": "nixpkgs-unstable",
        "perihelion": "perihelion",
        "simple-nixos-mailserver": "simple-nixos-mailserver",
        "utils": "utils_2",
        "ziodyne-blog": "ziodyne-blog",
        "zsh-syntax-highlighting": "zsh-syntax-highlighting"
      }
    },
    "simple-nixos-mailserver": {
      "inputs": {
        "nixpkgs": "nixpkgs_2",
        "utils": "utils"
      },
      "locked": {
        "lastModified": 1622448045,
        "narHash": "sha256-duIjiaBwdkY+JpeVbQSt0SOrYQ4GDH5XoT3xZOz4jPA=",
        "owner": "simple-nixos-mailserver",
        "repo": "nixos-mailserver",
        "rev": "6e0690093c24261192ee5c0557f85791a67eec29",
        "type": "gitlab"
      },
      "original": {
        "owner": "simple-nixos-mailserver",
        "ref": "nixos-21.05",
        "repo": "nixos-mailserver",
        "type": "gitlab"
      }
    },
    "utils": {
      "locked": {
        "lastModified": 1605370193,
        "narHash": "sha256-YyMTf3URDL/otKdKgtoMChu4vfVL3vCMkRqpGifhUn0=",
        "owner": "numtide",
        "repo": "flake-utils",
        "rev": "5021eac20303a61fafe17224c087f5519baed54d",
        "type": "github"
      },
      "original": {
        "owner": "numtide",
        "repo": "flake-utils",
        "type": "github"
      }
    },
    "utils_2": {
      "inputs": {
        "flake-utils": "flake-utils"
      },
      "locked": {
        "lastModified": 1619358717,
        "narHash": "sha256-FkEOIW82ClvUBtD8aqPediM8FERldsOyjPIyapVa65I=",
        "owner": "gytis-ivaskevicius",
        "repo": "flake-utils-plus",
        "rev": "e7ae270a23695b50fbb6b72759a7fb1e3340ca86",
        "type": "github"
      },
      "original": {
        "owner": "gytis-ivaskevicius",
        "repo": "flake-utils-plus",
        "type": "github"
      }
    },
    "ziodyne-blog": {
      "flake": false,
      "locked": {
        "lastModified": 1607612691,
        "narHash": "sha256-TJcoArtj89fR2S+2p75Q9yOY4cosOe2zRC3A519Uap4=",
        "ref": "canon",
        "rev": "b0e7c984a7851145f30946091a93545d801db7ca",
        "revCount": 17,
        "type": "git",
        "url": "https://git.knightsofthelambdacalcul.us/hazel/blog"
      },
      "original": {
        "ref": "canon",
        "type": "git",
        "url": "https://git.knightsofthelambdacalcul.us/hazel/blog"
      }
    },
    "zsh-syntax-highlighting": {
      "flake": false,
      "locked": {
        "lastModified": 1622348698,
        "narHash": "sha256-YvYcA+stJ1R5CMAk2RLzvyz781yPgw8OgUOlSbGvzCY=",
        "owner": "zsh-users",
        "repo": "zsh-syntax-highlighting",
        "rev": "0e1bb14452e3fc66dcc81531212e1061e02c1a61",
        "type": "github"
      },
      "original": {
        "owner": "zsh-users",
        "repo": "zsh-syntax-highlighting",
        "type": "github"
      }
    }
  },
  "root": "root",
  "version": 7
}
