{
  "nodes": {
    "agenix": {
      "inputs": {
        "nixpkgs": [
          "nixpkgs"
        ]
      },
      "locked": {
        "lastModified": 1620877075,
        "narHash": "sha256-XvgTqtmQZHegu9UMDSR50gK5cHEM2gbnRH0qecmdN54=",
        "owner": "ryantm",
        "repo": "agenix",
        "rev": "e543aa7d68f222e1e771165da9e9a64b5bf7b3e3",
        "type": "github"
      },
      "original": {
        "owner": "ryantm",
        "repo": "agenix",
        "type": "github"
      }
    },
    "emacs-overlay": {
      "locked": {
        "lastModified": 1623925547,
        "narHash": "sha256-W+jqAty2mDIkZl7x5VmPr0Mp0+l7+Y+7kpGOeb7ZS+4=",
        "owner": "nix-community",
        "repo": "emacs-overlay",
        "rev": "6db07391fbb56f502788925ff05df4bb9217f039",
        "type": "github"
      },
      "original": {
        "owner": "nix-community",
        "repo": "emacs-overlay",
        "type": "github"
      }
    },
    "flake-utils": {
      "locked": {
        "lastModified": 1618217525,
        "narHash": "sha256-WGrhVczjXTiswQaoxQ+0PTfbLNeOQM6M36zvLn78AYg=",
        "owner": "numtide",
        "repo": "flake-utils",
        "rev": "c6169a2772643c4a93a0b5ac1c61e296cba68544",
        "type": "github"
      },
      "original": {
        "owner": "numtide",
        "repo": "flake-utils",
        "type": "github"
      }
    },
    "home-manager": {
      "inputs": {
        "nixpkgs": [
          "nixpkgs"
        ]
      },
      "locked": {
        "lastModified": 1622917919,
        "narHash": "sha256-9gAIwbQyLhK78bEV648k4tfLK6JkYiPk9QdTECpLuOE=",
        "owner": "nix-community",
        "repo": "home-manager",
        "rev": "148d85ee8303444fb0116943787aa0b1b25f94df",
        "type": "github"
      },
      "original": {
        "owner": "nix-community",
        "ref": "release-21.05",
        "repo": "home-manager",
        "type": "github"
      }
    },
    "nixos-hardware": {
      "locked": {
        "lastModified": 1623569835,
        "narHash": "sha256-Mg+FN1JkEQ91Zff0+ot/ndRgD9BB+uDBLN12AcBYkSA=",
        "owner": "nixos",
        "repo": "nixos-hardware",
        "rev": "7305b276c90cfd3ad0a2452101a49c0b52c784c0",
        "type": "github"
      },
      "original": {
        "owner": "nixos",
        "repo": "nixos-hardware",
        "type": "github"
      }
    },
    "nixpkgs": {
      "locked": {
        "lastModified": 1623617138,
        "narHash": "sha256-zd03k0aZWdE+JjZjVbsQGCKmc1C4HIwIbW7MbI9ym6s=",
        "owner": "nixos",
        "repo": "nixpkgs",
        "rev": "93963c27b934f24289a94b9e3784d60a9b77e92c",
        "type": "github"
      },
      "original": {
        "owner": "nixos",
        "ref": "nixos-21.05",
        "repo": "nixpkgs",
        "type": "github"
      }
    },
    "nixpkgs-unstable": {
      "locked": {
        "lastModified": 1623772731,
        "narHash": "sha256-obDsM6t7qJthn6sLUDoUgWnyRKZH8YwqYgV0M/gRQCU=",
        "owner": "nixos",
        "repo": "nixpkgs",
        "rev": "189a13688782682f2022023c025733bfb269f9d3",
        "type": "github"
      },
      "original": {
        "owner": "nixos",
        "ref": "nixpkgs-unstable",
        "repo": "nixpkgs",
        "type": "github"
      }
    },
    "nixpkgs_2": {
      "locked": {
        "lastModified": 1607522989,
        "narHash": "sha256-o/jWhOSAlaK7y2M57OIriRt6whuVVocS/T0mG7fd1TI=",
        "owner": "NixOS",
        "repo": "nixpkgs",
        "rev": "e9158eca70ae59e73fae23be5d13d3fa0cfc78b4",
        "type": "github"
      },
      "original": {
        "id": "nixpkgs",
        "ref": "nixos-unstable",
        "type": "indirect"
      }
    },
    "perihelion": {
      "flake": false,
      "locked": {
        "lastModified": 1625096849,
        "narHash": "sha256-n0KksMmJGHHv3gUi8n3MCjvcBGQdAFbEC35if6Ldbj8=",
        "ref": "canon",
        "rev": "8a1b4d510f1c8c346e092c5b4f0b84d73954833e",
        "revCount": 26,
        "type": "git",
        "url": "https://git.knightsofthelambdacalcul.us/hazel/perihelion"
      },
      "original": {
        "ref": "canon",
        "type": "git",
        "url": "https://git.knightsofthelambdacalcul.us/hazel/perihelion"
      }
    },
    "root": {
      "inputs": {
        "agenix": "agenix",
        "emacs-overlay": "emacs-overlay",
        "home-manager": "home-manager",
        "nixos-hardware": "nixos-hardware",
        "nixpkgs": "nixpkgs",
        "nixpkgs-unstable": "nixpkgs-unstable",
        "perihelion": "perihelion",
        "simple-nixos-mailserver": "simple-nixos-mailserver",
        "utils": "utils_2",
        "ziodyne-blog": "ziodyne-blog",
        "zsh-syntax-highlighting": "zsh-syntax-highlighting"
      }
    },
    "simple-nixos-mailserver": {
      "inputs": {
        "nixpkgs": "nixpkgs_2",
        "utils": "utils"
      },
      "locked": {
        "lastModified": 1622967674,
        "narHash": "sha256-8RLe6Rqy2rKR/PGDMg/EVsWihsO+DQe/RYmlXdRZkLs=",
        "owner": "simple-nixos-mailserver",
        "repo": "nixos-mailserver",
        "rev": "5675b122a947b40e551438df6a623efad19fd2e7",
        "type": "gitlab"
      },
      "original": {
        "owner": "simple-nixos-mailserver",
        "ref": "nixos-21.05",
        "repo": "nixos-mailserver",
        "type": "gitlab"
      }
    },
    "utils": {
      "locked": {
        "lastModified": 1605370193,
        "narHash": "sha256-YyMTf3URDL/otKdKgtoMChu4vfVL3vCMkRqpGifhUn0=",
        "owner": "numtide",
        "repo": "flake-utils",
        "rev": "5021eac20303a61fafe17224c087f5519baed54d",
        "type": "github"
      },
      "original": {
        "owner": "numtide",
        "repo": "flake-utils",
        "type": "github"
      }
    },
    "utils_2": {
      "inputs": {
        "flake-utils": "flake-utils"
      },
      "locked": {
        "lastModified": 1619358717,
        "narHash": "sha256-FkEOIW82ClvUBtD8aqPediM8FERldsOyjPIyapVa65I=",
        "owner": "gytis-ivaskevicius",
        "repo": "flake-utils-plus",
        "rev": "e7ae270a23695b50fbb6b72759a7fb1e3340ca86",
        "type": "github"
      },
      "original": {
        "owner": "gytis-ivaskevicius",
        "repo": "flake-utils-plus",
        "type": "github"
      }
    },
    "ziodyne-blog": {
      "flake": false,
      "locked": {
        "lastModified": 1607612691,
        "narHash": "sha256-TJcoArtj89fR2S+2p75Q9yOY4cosOe2zRC3A519Uap4=",
        "ref": "canon",
        "rev": "b0e7c984a7851145f30946091a93545d801db7ca",
        "revCount": 17,
        "type": "git",
        "url": "https://git.knightsofthelambdacalcul.us/hazel/blog"
      },
      "original": {
        "ref": "canon",
        "type": "git",
        "url": "https://git.knightsofthelambdacalcul.us/hazel/blog"
      }
    },
    "zsh-syntax-highlighting": {
      "flake": false,
      "locked": {
        "lastModified": 1622348698,
        "narHash": "sha256-YvYcA+stJ1R5CMAk2RLzvyz781yPgw8OgUOlSbGvzCY=",
        "owner": "zsh-users",
        "repo": "zsh-syntax-highlighting",
        "rev": "0e1bb14452e3fc66dcc81531212e1061e02c1a61",
        "type": "github"
      },
      "original": {
        "owner": "zsh-users",
        "repo": "zsh-syntax-highlighting",
        "type": "github"
      }
    }
  },
  "root": "root",
  "version": 7
}
